PODS:
  - Alamofire (5.2.1)
  - IQKeyboardManager (6.5.5)
  - SDWebImage (5.7.3):
    - SDWebImage/Core (= 5.7.3)
  - SDWebImage/Core (5.7.3)

DEPENDENCIES:
  - Alamofire (~> 5.2)
  - IQKeyboardManager (~> 6.5)
  - SDWebImage

SPEC REPOS:
  trunk:
    - Alamofire
    - IQKeyboardManager
    - SDWebImage

SPEC CHECKSUMS:
  Alamofire: e911732990610fe89af59ac0077f923d72dc3dfd
  IQKeyboardManager: 3a8b9e603f8b0eeaf5f096a1f2b2cfcf121992ef
  SDWebImage: 97351f6582ceca541ea294ba66a1fcb342a331c2

PODFILE CHECKSUM: ffb4e3a316fd1a451df52733691495b272e7b574

COCOAPODS: 1.10.0.beta.2
